
Microsoft Visual Studio Solution File, Format Version 12.00
# Visual Studio Version 16
VisualStudioVersion = 16.0.31624.102
MinimumVisualStudioVersion = 10.0.40219.1
Project("{FAE04EC0-301F-11D3-BF4B-00C04F79EFBC}") = "Commons", "Commons\Commons.csproj", "{252744E5-F55C-4FC4-B1CA-F2FDAB4B051E}"
EndProject
Project("{9A19103F-16F7-4668-BE54-9A1E7A4F7556}") = "WebApi", "WebApi\WebApi.csproj", "{D1782411-C4E4-4ACA-8ABE-60D16B577CAA}"
EndProject
Global
	GlobalSection(SolutionConfigurationPlatforms) = preSolution
		Debug|Any CPU = Debug|Any CPU
		Release|Any CPU = Release|Any CPU
	EndGlobalSection
	GlobalSection(ProjectConfigurationPlatforms) = postSolution
		{252744E5-F55C-4FC4-B1CA-F2FDAB4B051E}.Debug|Any CPU.ActiveCfg = Debug|Any CPU
		{252744E5-F55C-4FC4-B1CA-F2FDAB4B051E}.Debug|Any CPU.Build.0 = Debug|Any CPU
		{252744E5-F55C-4FC4-B1CA-F2FDAB4B051E}.Release|Any CPU.ActiveCfg = Release|Any CPU
		{252744E5-F55C-4FC4-B1CA-F2FDAB4B051E}.Release|Any CPU.Build.0 = Release|Any CPU
		{D1782411-C4E4-4ACA-8ABE-60D16B577CAA}.Debug|Any CPU.ActiveCfg = Debug|Any CPU
		{D1782411-C4E4-4ACA-8ABE-60D16B577CAA}.Debug|Any CPU.Build.0 = Debug|Any CPU
		{D1782411-C4E4-4ACA-8ABE-60D16B577CAA}.Release|Any CPU.ActiveCfg = Release|Any CPU
		{D1782411-C4E4-4ACA-8ABE-60D16B577CAA}.Release|Any CPU.Build.0 = Release|Any CPU
	EndGlobalSection
	GlobalSection(SolutionProperties) = preSolution
		HideSolutionNode = FALSE
	EndGlobalSection
	GlobalSection(ExtensibilityGlobals) = postSolution
		SolutionGuid = {2FE50340-0839-40BA-A2DE-E2F57D892C79}
	EndGlobalSection
EndGlobal
